
Microsoft Visual Studio Solution File, Format Version 12.00
# Visual Studio Version 17
VisualStudioVersion = 17.1.32407.343
MinimumVisualStudioVersion = 10.0.40219.1
Project("{FAE04EC0-301F-11D3-BF4B-00C04F79EFBC}") = "MySpace", "MySpace.csproj", "{549E7119-02D0-46C7-8A2F-EE7BD20311BD}"
EndProject
Global
	GlobalSection(SolutionConfigurationPlatforms) = preSolution
		Debug|Any CPU = Debug|Any CPU
		Release|Any CPU = Release|Any CPU
	EndGlobalSection
	GlobalSection(ProjectConfigurationPlatforms) = postSolution
		{549E7119-02D0-46C7-8A2F-EE7BD20311BD}.Debug|Any CPU.ActiveCfg = Debug|Any CPU
		{549E7119-02D0-46C7-8A2F-EE7BD20311BD}.Debug|Any CPU.Build.0 = Debug|Any CPU
		{549E7119-02D0-46C7-8A2F-EE7BD20311BD}.Release|Any CPU.ActiveCfg = Release|Any CPU
		{549E7119-02D0-46C7-8A2F-EE7BD20311BD}.Release|Any CPU.Build.0 = Release|Any CPU
	EndGlobalSection
	GlobalSection(SolutionProperties) = preSolution
		HideSolutionNode = FALSE
	EndGlobalSection
	GlobalSection(ExtensibilityGlobals) = postSolution
		SolutionGuid = {074C6DA9-C11E-47FA-99AF-C42C87D744EA}
	EndGlobalSection
EndGlobal
